# THIS IS AN AUTOGENERATED FILE. DO NOT EDIT THIS FILE DIRECTLY.
# yarn lockfile v1


popper.js@^1.14.3:
  version "1.14.3"
  resolved "https://registry.yarnpkg.com/popper.js/-/popper.js-1.14.3.tgz#1438f98d046acf7b4d78cd502bf418ac64d4f095"

tippy.js@^2.5.2:
  version "2.5.2"
  resolved "https://registry.yarnpkg.com/tippy.js/-/tippy.js-2.5.2.tgz#01de112a80219032a3cf06ac2d29a4d69480705d"
  dependencies:
    popper.js "^1.14.3"
